
Microsoft Visual Studio Solution File, Format Version 12.00
# Visual Studio Version 17
VisualStudioVersion = 17.6.33712.159
MinimumVisualStudioVersion = 10.0.40219.1
Project("{FAE04EC0-301F-11D3-BF4B-00C04F79EFBC}") = "katalog", "katalog\katalog.csproj", "{1C1BF9D3-2A2E-49DC-9F5D-1D7FCC11F2C7}"
EndProject
Global
	GlobalSection(SolutionConfigurationPlatforms) = preSolution
		Debug|Any CPU = Debug|Any CPU
		Release|Any CPU = Release|Any CPU
	EndGlobalSection
	GlobalSection(ProjectConfigurationPlatforms) = postSolution
		{1C1BF9D3-2A2E-49DC-9F5D-1D7FCC11F2C7}.Debug|Any CPU.ActiveCfg = Debug|Any CPU
		{1C1BF9D3-2A2E-49DC-9F5D-1D7FCC11F2C7}.Debug|Any CPU.Build.0 = Debug|Any CPU
		{1C1BF9D3-2A2E-49DC-9F5D-1D7FCC11F2C7}.Release|Any CPU.ActiveCfg = Release|Any CPU
		{1C1BF9D3-2A2E-49DC-9F5D-1D7FCC11F2C7}.Release|Any CPU.Build.0 = Release|Any CPU
	EndGlobalSection
	GlobalSection(SolutionProperties) = preSolution
		HideSolutionNode = FALSE
	EndGlobalSection
	GlobalSection(ExtensibilityGlobals) = postSolution
		SolutionGuid = {B2C11802-D965-42F1-B7DD-C2B6AB3BA39C}
	EndGlobalSection
EndGlobal
